
Microsoft Visual Studio Solution File, Format Version 12.00
# Visual Studio 15
Project("{FAE04EC0-301F-11D3-BF4B-00C04F79EFBC}") = "Core.Framework.Entities", "Core.Framework.Entities\Core.Framework.Entities.csproj", "{6A2C0DF8-AF46-4326-9ECD-1FAE29B72195}"
EndProject
Project("{FAE04EC0-301F-11D3-BF4B-00C04F79EFBC}") = "Core.Framework.Repository", "Core.Framework.Repository\Core.Framework.Repository.csproj", "{47545B84-049E-4E16-BAD9-072E016E07EB}"
EndProject
Project("{FAE04EC0-301F-11D3-BF4B-00C04F79EFBC}") = "Core.Framework.API.Messages", "Core.Framework.API.Messages\Core.Framework.API.Messages.csproj", "{D61B5D69-C324-4716-92CB-391D27AF5752}"
EndProject
Project("{FAE04EC0-301F-11D3-BF4B-00C04F79EFBC}") = "Core.Framework.Cache", "Core.Framework.Cache\Core.Framework.Cache.csproj", "{EE7B03C7-E06B-4398-A215-51DFC0CB2DF5}"
EndProject
Project("{FAE04EC0-301F-11D3-BF4B-00C04F79EFBC}") = "Core.Framework.Blockchain", "Core.Framework.Blockchain\Core.Framework.Blockchain.csproj", "{5FE441B0-18C7-4293-8162-F20F1F9CB81C}"
EndProject
Project("{FAE04EC0-301F-11D3-BF4B-00C04F79EFBC}") = "Core.Framework.AWS.Notifier", "Core.Framework.AWS.Notifier\Core.Framework.AWS.Notifier.csproj", "{D41A3158-50EF-4287-8CC5-465E8581CBE9}"
EndProject
Project("{2150E333-8FDC-42A3-9474-1A3956D46DE8}") = "Solution Items", "Solution Items", "{B06569A2-1A32-4FCB-8505-862D94D23C5B}"
	ProjectSection(SolutionItems) = preProject
		README.md = README.md
	EndProjectSection
EndProject
Project("{FAE04EC0-301F-11D3-BF4B-00C04F79EFBC}") = "Core.Framework.Docs", "Core.Framework.Docs\Core.Framework.Docs.csproj", "{0F1E3AB1-01C6-4CD7-A7F1-D2693575856A}"
EndProject
Project("{FAE04EC0-301F-11D3-BF4B-00C04F79EFBC}") = "Core.Framework.xUnit", "Core.Framework.xUnit\Core.Framework.xUnit.csproj", "{B9C3B2F0-0592-4A56-A6D9-3A69F63977BF}"
EndProject
Project("{FAE04EC0-301F-11D3-BF4B-00C04F79EFBC}") = "Core.Framework.AWS.S3", "Core.Framework.AWS.S3\Core.Framework.AWS.S3.csproj", "{3B3728A8-D10D-45A6-9143-37D1EFC4ECF7}"
EndProject
Project("{FAE04EC0-301F-11D3-BF4B-00C04F79EFBC}") = "Core.Framework.Notification", "Core.Framework.Notification\Core.Framework.Notification.csproj", "{C9CC8C1B-7083-4ECE-BFCC-6FE33D062DA7}"
EndProject
Project("{FAE04EC0-301F-11D3-BF4B-00C04F79EFBC}") = "Core.Framework.reCAPTCHA", "Core.Framework.reCAPTCHA\Core.Framework.reCAPTCHA.csproj", "{57ECDEEE-34C0-49AA-8B68-8176BDE059A1}"
EndProject
Project("{FAE04EC0-301F-11D3-BF4B-00C04F79EFBC}") = "Core.Framework.Utils", "Core.Framework.Utils\Core.Framework.Utils.csproj", "{71078399-F9D1-46C0-88E3-E7F791F30A1F}"
EndProject
Project("{FAE04EC0-301F-11D3-BF4B-00C04F79EFBC}") = "Core.Framework.Cqrs", "Core.Framework.Cqrs\Core.Framework.Cqrs.csproj", "{7DDF3F6F-9F6A-48E2-83EE-6A95F8B9DC17}"
EndProject
Project("{FAE04EC0-301F-11D3-BF4B-00C04F79EFBC}") = "Core.Framework.SendGrid", "Core.Framework.SendGrid\Core.Framework.SendGrid.csproj", "{59D7FBC2-11E6-4308-AA44-22E77FACD333}"
EndProject
Global
	GlobalSection(SolutionConfigurationPlatforms) = preSolution
		Debug|x86 = Debug|x86
		Release|x86 = Release|x86
	EndGlobalSection
	GlobalSection(ProjectConfigurationPlatforms) = postSolution
		{6A2C0DF8-AF46-4326-9ECD-1FAE29B72195}.Debug|x86.ActiveCfg = Debug|Any CPU
		{6A2C0DF8-AF46-4326-9ECD-1FAE29B72195}.Debug|x86.Build.0 = Debug|Any CPU
		{6A2C0DF8-AF46-4326-9ECD-1FAE29B72195}.Release|x86.ActiveCfg = Release|Any CPU
		{6A2C0DF8-AF46-4326-9ECD-1FAE29B72195}.Release|x86.Build.0 = Release|Any CPU
		{47545B84-049E-4E16-BAD9-072E016E07EB}.Debug|x86.ActiveCfg = Debug|Any CPU
		{47545B84-049E-4E16-BAD9-072E016E07EB}.Debug|x86.Build.0 = Debug|Any CPU
		{47545B84-049E-4E16-BAD9-072E016E07EB}.Release|x86.ActiveCfg = Release|Any CPU
		{47545B84-049E-4E16-BAD9-072E016E07EB}.Release|x86.Build.0 = Release|Any CPU
		{D61B5D69-C324-4716-92CB-391D27AF5752}.Debug|x86.ActiveCfg = Debug|Any CPU
		{D61B5D69-C324-4716-92CB-391D27AF5752}.Debug|x86.Build.0 = Debug|Any CPU
		{D61B5D69-C324-4716-92CB-391D27AF5752}.Release|x86.ActiveCfg = Release|Any CPU
		{D61B5D69-C324-4716-92CB-391D27AF5752}.Release|x86.Build.0 = Release|Any CPU
		{EE7B03C7-E06B-4398-A215-51DFC0CB2DF5}.Debug|x86.ActiveCfg = Debug|Any CPU
		{EE7B03C7-E06B-4398-A215-51DFC0CB2DF5}.Debug|x86.Build.0 = Debug|Any CPU
		{EE7B03C7-E06B-4398-A215-51DFC0CB2DF5}.Release|x86.ActiveCfg = Release|Any CPU
		{EE7B03C7-E06B-4398-A215-51DFC0CB2DF5}.Release|x86.Build.0 = Release|Any CPU
		{5FE441B0-18C7-4293-8162-F20F1F9CB81C}.Debug|x86.ActiveCfg = Debug|Any CPU
		{5FE441B0-18C7-4293-8162-F20F1F9CB81C}.Debug|x86.Build.0 = Debug|Any CPU
		{5FE441B0-18C7-4293-8162-F20F1F9CB81C}.Release|x86.ActiveCfg = Release|Any CPU
		{5FE441B0-18C7-4293-8162-F20F1F9CB81C}.Release|x86.Build.0 = Release|Any CPU
		{D41A3158-50EF-4287-8CC5-465E8581CBE9}.Debug|x86.ActiveCfg = Debug|Any CPU
		{D41A3158-50EF-4287-8CC5-465E8581CBE9}.Debug|x86.Build.0 = Debug|Any CPU
		{D41A3158-50EF-4287-8CC5-465E8581CBE9}.Release|x86.ActiveCfg = Release|Any CPU
		{D41A3158-50EF-4287-8CC5-465E8581CBE9}.Release|x86.Build.0 = Release|Any CPU
		{0F1E3AB1-01C6-4CD7-A7F1-D2693575856A}.Debug|x86.ActiveCfg = Debug|Any CPU
		{0F1E3AB1-01C6-4CD7-A7F1-D2693575856A}.Debug|x86.Build.0 = Debug|Any CPU
		{0F1E3AB1-01C6-4CD7-A7F1-D2693575856A}.Release|x86.ActiveCfg = Release|Any CPU
		{0F1E3AB1-01C6-4CD7-A7F1-D2693575856A}.Release|x86.Build.0 = Release|Any CPU
		{B9C3B2F0-0592-4A56-A6D9-3A69F63977BF}.Debug|x86.ActiveCfg = Debug|Any CPU
		{B9C3B2F0-0592-4A56-A6D9-3A69F63977BF}.Debug|x86.Build.0 = Debug|Any CPU
		{B9C3B2F0-0592-4A56-A6D9-3A69F63977BF}.Release|x86.ActiveCfg = Release|Any CPU
		{B9C3B2F0-0592-4A56-A6D9-3A69F63977BF}.Release|x86.Build.0 = Release|Any CPU
		{3B3728A8-D10D-45A6-9143-37D1EFC4ECF7}.Debug|x86.ActiveCfg = Debug|Any CPU
		{3B3728A8-D10D-45A6-9143-37D1EFC4ECF7}.Debug|x86.Build.0 = Debug|Any CPU
		{3B3728A8-D10D-45A6-9143-37D1EFC4ECF7}.Release|x86.ActiveCfg = Release|Any CPU
		{3B3728A8-D10D-45A6-9143-37D1EFC4ECF7}.Release|x86.Build.0 = Release|Any CPU
		{C9CC8C1B-7083-4ECE-BFCC-6FE33D062DA7}.Debug|x86.ActiveCfg = Debug|Any CPU
		{C9CC8C1B-7083-4ECE-BFCC-6FE33D062DA7}.Debug|x86.Build.0 = Debug|Any CPU
		{C9CC8C1B-7083-4ECE-BFCC-6FE33D062DA7}.Release|x86.ActiveCfg = Release|Any CPU
		{C9CC8C1B-7083-4ECE-BFCC-6FE33D062DA7}.Release|x86.Build.0 = Release|Any CPU
		{57ECDEEE-34C0-49AA-8B68-8176BDE059A1}.Debug|x86.ActiveCfg = Debug|Any CPU
		{57ECDEEE-34C0-49AA-8B68-8176BDE059A1}.Debug|x86.Build.0 = Debug|Any CPU
		{57ECDEEE-34C0-49AA-8B68-8176BDE059A1}.Release|x86.ActiveCfg = Release|Any CPU
		{57ECDEEE-34C0-49AA-8B68-8176BDE059A1}.Release|x86.Build.0 = Release|Any CPU
		{71078399-F9D1-46C0-88E3-E7F791F30A1F}.Debug|x86.ActiveCfg = Debug|Any CPU
		{71078399-F9D1-46C0-88E3-E7F791F30A1F}.Debug|x86.Build.0 = Debug|Any CPU
		{71078399-F9D1-46C0-88E3-E7F791F30A1F}.Release|x86.ActiveCfg = Release|Any CPU
		{71078399-F9D1-46C0-88E3-E7F791F30A1F}.Release|x86.Build.0 = Release|Any CPU
		{7DDF3F6F-9F6A-48E2-83EE-6A95F8B9DC17}.Debug|x86.ActiveCfg = Debug|Any CPU
		{7DDF3F6F-9F6A-48E2-83EE-6A95F8B9DC17}.Debug|x86.Build.0 = Debug|Any CPU
		{7DDF3F6F-9F6A-48E2-83EE-6A95F8B9DC17}.Release|x86.ActiveCfg = Release|Any CPU
		{7DDF3F6F-9F6A-48E2-83EE-6A95F8B9DC17}.Release|x86.Build.0 = Release|Any CPU
		{59D7FBC2-11E6-4308-AA44-22E77FACD333}.Debug|x86.ActiveCfg = Debug|Any CPU
		{59D7FBC2-11E6-4308-AA44-22E77FACD333}.Debug|x86.Build.0 = Debug|Any CPU
		{59D7FBC2-11E6-4308-AA44-22E77FACD333}.Release|x86.ActiveCfg = Release|Any CPU
		{59D7FBC2-11E6-4308-AA44-22E77FACD333}.Release|x86.Build.0 = Release|Any CPU
	EndGlobalSection
EndGlobal
